
Microsoft Visual Studio Solution File, Format Version 11.00
# Visual Studio 2010
Project("{FAE04EC0-301F-11D3-BF4B-00C04F79EFBC}") = "ToyotaRift", "Assembly-CSharp.csproj", "{CA0622D3-D983-009D-595E-A7A6F0BE8F4F}"
EndProject
Project("{FAE04EC0-301F-11D3-BF4B-00C04F79EFBC}") = "ToyotaRift", "Assembly-CSharp-Editor.csproj", "{9B91C9FE-8C21-90B7-ABB9-845A4ABD042C}"
EndProject
Global
	GlobalSection(SolutionConfigurationPlatforms) = preSolution
		Debug|Any CPU = Debug|Any CPU
		Release|Any CPU = Release|Any CPU
	EndGlobalSection
	GlobalSection(ProjectConfigurationPlatforms) = postSolution
		{CA0622D3-D983-009D-595E-A7A6F0BE8F4F}.Debug|Any CPU.ActiveCfg = Debug|Any CPU
		{CA0622D3-D983-009D-595E-A7A6F0BE8F4F}.Debug|Any CPU.Build.0 = Debug|Any CPU
		{CA0622D3-D983-009D-595E-A7A6F0BE8F4F}.Release|Any CPU.ActiveCfg = Release|Any CPU
		{CA0622D3-D983-009D-595E-A7A6F0BE8F4F}.Release|Any CPU.Build.0 = Release|Any CPU
		{9B91C9FE-8C21-90B7-ABB9-845A4ABD042C}.Debug|Any CPU.ActiveCfg = Debug|Any CPU
		{9B91C9FE-8C21-90B7-ABB9-845A4ABD042C}.Debug|Any CPU.Build.0 = Debug|Any CPU
		{9B91C9FE-8C21-90B7-ABB9-845A4ABD042C}.Release|Any CPU.ActiveCfg = Release|Any CPU
		{9B91C9FE-8C21-90B7-ABB9-845A4ABD042C}.Release|Any CPU.Build.0 = Release|Any CPU
	EndGlobalSection
	GlobalSection(SolutionProperties) = preSolution
		HideSolutionNode = FALSE
	EndGlobalSection
	GlobalSection(MonoDevelopProperties) = preSolution
		StartupItem = Assembly-CSharp.csproj
	EndGlobalSection
EndGlobal
